
Microsoft Visual Studio Solution File, Format Version 12.00
# Visual Studio 15
VisualStudioVersion = 15.0.28307.645
MinimumVisualStudioVersion = 10.0.40219.1
Project("{00D1A9C2-B5F0-4AF3-8072-F6C62B433612}") = "CFO.Database", "CFO.Database\CFO.Database.sqlproj", "{7700B142-AD3F-40DC-B742-FA653A36C791}"
EndProject
Project("{9A19103F-16F7-4668-BE54-9A1E7A4F7556}") = "CFOTRG.Tests.Acceptance", "CFOTRG.Tests.Acceptance\CFOTRG.Tests.Acceptance.csproj", "{75368A86-2D3F-4A26-8AF5-206D2B563402}"
EndProject
Project("{FAE04EC0-301F-11D3-BF4B-00C04F79EFBC}") = "CFO.Data", "CFO.Data\CFO.Data.csproj", "{2B1E2757-0C84-425D-AC4A-D81179745113}"
EndProject
Global
	GlobalSection(SolutionConfigurationPlatforms) = preSolution
		Debug|Any CPU = Debug|Any CPU
		Release|Any CPU = Release|Any CPU
	EndGlobalSection
	GlobalSection(ProjectConfigurationPlatforms) = postSolution
		{7700B142-AD3F-40DC-B742-FA653A36C791}.Debug|Any CPU.ActiveCfg = Debug|Any CPU
		{7700B142-AD3F-40DC-B742-FA653A36C791}.Debug|Any CPU.Build.0 = Debug|Any CPU
		{7700B142-AD3F-40DC-B742-FA653A36C791}.Debug|Any CPU.Deploy.0 = Debug|Any CPU
		{7700B142-AD3F-40DC-B742-FA653A36C791}.Release|Any CPU.ActiveCfg = Release|Any CPU
		{7700B142-AD3F-40DC-B742-FA653A36C791}.Release|Any CPU.Build.0 = Release|Any CPU
		{7700B142-AD3F-40DC-B742-FA653A36C791}.Release|Any CPU.Deploy.0 = Release|Any CPU
		{75368A86-2D3F-4A26-8AF5-206D2B563402}.Debug|Any CPU.ActiveCfg = Debug|Any CPU
		{75368A86-2D3F-4A26-8AF5-206D2B563402}.Debug|Any CPU.Build.0 = Debug|Any CPU
		{75368A86-2D3F-4A26-8AF5-206D2B563402}.Release|Any CPU.ActiveCfg = Release|Any CPU
		{75368A86-2D3F-4A26-8AF5-206D2B563402}.Release|Any CPU.Build.0 = Release|Any CPU
		{2B1E2757-0C84-425D-AC4A-D81179745113}.Debug|Any CPU.ActiveCfg = Debug|Any CPU
		{2B1E2757-0C84-425D-AC4A-D81179745113}.Debug|Any CPU.Build.0 = Debug|Any CPU
		{2B1E2757-0C84-425D-AC4A-D81179745113}.Release|Any CPU.ActiveCfg = Release|Any CPU
		{2B1E2757-0C84-425D-AC4A-D81179745113}.Release|Any CPU.Build.0 = Release|Any CPU
	EndGlobalSection
	GlobalSection(SolutionProperties) = preSolution
		HideSolutionNode = FALSE
	EndGlobalSection
	GlobalSection(ExtensibilityGlobals) = postSolution
		SolutionGuid = {02E9D7B7-651F-425D-B463-70E70C0E56AE}
	EndGlobalSection
EndGlobal
